
Microsoft Visual Studio Solution File, Format Version 12.00
# Visual Studio Version 16
VisualStudioVersion = 16.0.30907.101
MinimumVisualStudioVersion = 10.0.40219.1
Project("{9A19103F-16F7-4668-BE54-9A1E7A4F7556}") = "KampIntro", "KampIntro\KampIntro.csproj", "{2BD4DC78-4949-4A9D-926D-891D509D238C}"
EndProject
Project("{9A19103F-16F7-4668-BE54-9A1E7A4F7556}") = "Donguler", "Donguler\Donguler.csproj", "{4470AEE6-5343-4DEB-A9EE-60EAC63DF47E}"
EndProject
Project("{9A19103F-16F7-4668-BE54-9A1E7A4F7556}") = "ClassIntro", "ClassIntro\ClassIntro.csproj", "{AC029957-ECA6-4A22-B638-FDAB8EA7E6FA}"
EndProject
Project("{FAE04EC0-301F-11D3-BF4B-00C04F79EFBC}") = "Metotlar", "Metotlar\Metotlar.csproj", "{D80C7E81-F721-47F0-9511-81EA1FAE20FF}"
EndProject
Project("{FAE04EC0-301F-11D3-BF4B-00C04F79EFBC}") = "Matematik", "Matematik\Matematik.csproj", "{38170E81-AE3B-4AEF-BE1E-54459FCDF83D}"
EndProject
Project("{FAE04EC0-301F-11D3-BF4B-00C04F79EFBC}") = "DegerVeRefaransTipler", "DegerVeRefaransTipler\DegerVeRefaransTipler.csproj", "{36E3B574-583E-4296-A22D-011A808B7CFB}"
EndProject
Global
	GlobalSection(SolutionConfigurationPlatforms) = preSolution
		Debug|Any CPU = Debug|Any CPU
		Release|Any CPU = Release|Any CPU
	EndGlobalSection
	GlobalSection(ProjectConfigurationPlatforms) = postSolution
		{2BD4DC78-4949-4A9D-926D-891D509D238C}.Debug|Any CPU.ActiveCfg = Debug|Any CPU
		{2BD4DC78-4949-4A9D-926D-891D509D238C}.Debug|Any CPU.Build.0 = Debug|Any CPU
		{2BD4DC78-4949-4A9D-926D-891D509D238C}.Release|Any CPU.ActiveCfg = Release|Any CPU
		{2BD4DC78-4949-4A9D-926D-891D509D238C}.Release|Any CPU.Build.0 = Release|Any CPU
		{4470AEE6-5343-4DEB-A9EE-60EAC63DF47E}.Debug|Any CPU.ActiveCfg = Debug|Any CPU
		{4470AEE6-5343-4DEB-A9EE-60EAC63DF47E}.Debug|Any CPU.Build.0 = Debug|Any CPU
		{4470AEE6-5343-4DEB-A9EE-60EAC63DF47E}.Release|Any CPU.ActiveCfg = Release|Any CPU
		{4470AEE6-5343-4DEB-A9EE-60EAC63DF47E}.Release|Any CPU.Build.0 = Release|Any CPU
		{AC029957-ECA6-4A22-B638-FDAB8EA7E6FA}.Debug|Any CPU.ActiveCfg = Debug|Any CPU
		{AC029957-ECA6-4A22-B638-FDAB8EA7E6FA}.Debug|Any CPU.Build.0 = Debug|Any CPU
		{AC029957-ECA6-4A22-B638-FDAB8EA7E6FA}.Release|Any CPU.ActiveCfg = Release|Any CPU
		{AC029957-ECA6-4A22-B638-FDAB8EA7E6FA}.Release|Any CPU.Build.0 = Release|Any CPU
		{D80C7E81-F721-47F0-9511-81EA1FAE20FF}.Debug|Any CPU.ActiveCfg = Debug|Any CPU
		{D80C7E81-F721-47F0-9511-81EA1FAE20FF}.Debug|Any CPU.Build.0 = Debug|Any CPU
		{D80C7E81-F721-47F0-9511-81EA1FAE20FF}.Release|Any CPU.ActiveCfg = Release|Any CPU
		{D80C7E81-F721-47F0-9511-81EA1FAE20FF}.Release|Any CPU.Build.0 = Release|Any CPU
		{38170E81-AE3B-4AEF-BE1E-54459FCDF83D}.Debug|Any CPU.ActiveCfg = Debug|Any CPU
		{38170E81-AE3B-4AEF-BE1E-54459FCDF83D}.Debug|Any CPU.Build.0 = Debug|Any CPU
		{38170E81-AE3B-4AEF-BE1E-54459FCDF83D}.Release|Any CPU.ActiveCfg = Release|Any CPU
		{38170E81-AE3B-4AEF-BE1E-54459FCDF83D}.Release|Any CPU.Build.0 = Release|Any CPU
		{36E3B574-583E-4296-A22D-011A808B7CFB}.Debug|Any CPU.ActiveCfg = Debug|Any CPU
		{36E3B574-583E-4296-A22D-011A808B7CFB}.Debug|Any CPU.Build.0 = Debug|Any CPU
		{36E3B574-583E-4296-A22D-011A808B7CFB}.Release|Any CPU.ActiveCfg = Release|Any CPU
		{36E3B574-583E-4296-A22D-011A808B7CFB}.Release|Any CPU.Build.0 = Release|Any CPU
	EndGlobalSection
	GlobalSection(SolutionProperties) = preSolution
		HideSolutionNode = FALSE
	EndGlobalSection
	GlobalSection(ExtensibilityGlobals) = postSolution
		SolutionGuid = {F1874EC9-985A-42BA-884B-87DC4186AC3D}
	EndGlobalSection
EndGlobal
